
Microsoft Visual Studio Solution File, Format Version 12.00
# Visual Studio Version 16
VisualStudioVersion = 16.0.29905.134
MinimumVisualStudioVersion = 10.0.40219.1
Project("{FAE04EC0-301F-11D3-BF4B-00C04F79EFBC}") = "ExpenseTracker", "ExpenseTracker\ExpenseTracker.csproj", "{7E70D708-9C60-4EF8-9AB2-7EEE874A37F1}"
EndProject
Global
	GlobalSection(SolutionConfigurationPlatforms) = preSolution
		Debug|Any CPU = Debug|Any CPU
		Release|Any CPU = Release|Any CPU
	EndGlobalSection
	GlobalSection(ProjectConfigurationPlatforms) = postSolution
		{7E70D708-9C60-4EF8-9AB2-7EEE874A37F1}.Debug|Any CPU.ActiveCfg = Debug|Any CPU
		{7E70D708-9C60-4EF8-9AB2-7EEE874A37F1}.Debug|Any CPU.Build.0 = Debug|Any CPU
		{7E70D708-9C60-4EF8-9AB2-7EEE874A37F1}.Release|Any CPU.ActiveCfg = Release|Any CPU
		{7E70D708-9C60-4EF8-9AB2-7EEE874A37F1}.Release|Any CPU.Build.0 = Release|Any CPU
	EndGlobalSection
	GlobalSection(SolutionProperties) = preSolution
		HideSolutionNode = FALSE
	EndGlobalSection
	GlobalSection(ExtensibilityGlobals) = postSolution
		SolutionGuid = {F952D541-43D4-4022-9B96-30DC4C9BABBB}
	EndGlobalSection
EndGlobal
